
Microsoft Visual Studio Solution File, Format Version 12.00
# Visual Studio 15
VisualStudioVersion = 15.0.26430.13
MinimumVisualStudioVersion = 10.0.40219.1
Project("{FAE04EC0-301F-11D3-BF4B-00C04F79EFBC}") = "readWriteFile", "readWriteFile\readWriteFile.csproj", "{B4381D2F-8D8E-4EE3-8F1A-0AB0A4C60DD5}"
EndProject
Project("{FAE04EC0-301F-11D3-BF4B-00C04F79EFBC}") = "SeeDatabase", "..\SeeDatabase\SeeDatabase\SeeDatabase.csproj", "{1CCB203F-E7D8-44E5-ADF4-AF6AC7CF8227}"
EndProject
Global
	GlobalSection(SolutionConfigurationPlatforms) = preSolution
		Debug|Any CPU = Debug|Any CPU
		Release|Any CPU = Release|Any CPU
	EndGlobalSection
	GlobalSection(ProjectConfigurationPlatforms) = postSolution
		{B4381D2F-8D8E-4EE3-8F1A-0AB0A4C60DD5}.Debug|Any CPU.ActiveCfg = Debug|Any CPU
		{B4381D2F-8D8E-4EE3-8F1A-0AB0A4C60DD5}.Debug|Any CPU.Build.0 = Debug|Any CPU
		{B4381D2F-8D8E-4EE3-8F1A-0AB0A4C60DD5}.Release|Any CPU.ActiveCfg = Release|Any CPU
		{B4381D2F-8D8E-4EE3-8F1A-0AB0A4C60DD5}.Release|Any CPU.Build.0 = Release|Any CPU
		{1CCB203F-E7D8-44E5-ADF4-AF6AC7CF8227}.Debug|Any CPU.ActiveCfg = Debug|Any CPU
		{1CCB203F-E7D8-44E5-ADF4-AF6AC7CF8227}.Debug|Any CPU.Build.0 = Debug|Any CPU
		{1CCB203F-E7D8-44E5-ADF4-AF6AC7CF8227}.Release|Any CPU.ActiveCfg = Release|Any CPU
		{1CCB203F-E7D8-44E5-ADF4-AF6AC7CF8227}.Release|Any CPU.Build.0 = Release|Any CPU
	EndGlobalSection
	GlobalSection(SolutionProperties) = preSolution
		HideSolutionNode = FALSE
	EndGlobalSection
EndGlobal
